
Microsoft Visual Studio Solution File, Format Version 12.00
# Visual Studio 15
VisualStudioVersion = 15.0.26730.12
MinimumVisualStudioVersion = 10.0.40219.1
Project("{FAE04EC0-301F-11D3-BF4B-00C04F79EFBC}") = "WindowsFormsApp1", "WindowsFormsApp1\WindowsFormsApp1.csproj", "{81DB9596-93CF-4DFB-B483-8DD6B505B1D6}"
EndProject
Global
	GlobalSection(SolutionConfigurationPlatforms) = preSolution
		Debug|Any CPU = Debug|Any CPU
		Release|Any CPU = Release|Any CPU
	EndGlobalSection
	GlobalSection(ProjectConfigurationPlatforms) = postSolution
		{81DB9596-93CF-4DFB-B483-8DD6B505B1D6}.Debug|Any CPU.ActiveCfg = Debug|Any CPU
		{81DB9596-93CF-4DFB-B483-8DD6B505B1D6}.Debug|Any CPU.Build.0 = Debug|Any CPU
		{81DB9596-93CF-4DFB-B483-8DD6B505B1D6}.Release|Any CPU.ActiveCfg = Release|Any CPU
		{81DB9596-93CF-4DFB-B483-8DD6B505B1D6}.Release|Any CPU.Build.0 = Release|Any CPU
	EndGlobalSection
	GlobalSection(SolutionProperties) = preSolution
		HideSolutionNode = FALSE
	EndGlobalSection
	GlobalSection(ExtensibilityGlobals) = postSolution
		SolutionGuid = {4F3FA339-B2E9-4DF4-95F5-EF305DBDDCC3}
	EndGlobalSection
EndGlobal
